
Microsoft Visual Studio Solution File, Format Version 12.00
# Visual Studio Version 17
VisualStudioVersion = 17.7.34018.315
MinimumVisualStudioVersion = 10.0.40219.1
Project("{FAE04EC0-301F-11D3-BF4B-00C04F79EFBC}") = "Uppgift 2.4", "Uppgift 2.4\Uppgift 2.4.csproj", "{054ACC5E-6D2B-40BF-AD4F-6CA10A1E9E73}"
EndProject
Global
	GlobalSection(SolutionConfigurationPlatforms) = preSolution
		Debug|Any CPU = Debug|Any CPU
		Release|Any CPU = Release|Any CPU
	EndGlobalSection
	GlobalSection(ProjectConfigurationPlatforms) = postSolution
		{054ACC5E-6D2B-40BF-AD4F-6CA10A1E9E73}.Debug|Any CPU.ActiveCfg = Debug|Any CPU
		{054ACC5E-6D2B-40BF-AD4F-6CA10A1E9E73}.Debug|Any CPU.Build.0 = Debug|Any CPU
		{054ACC5E-6D2B-40BF-AD4F-6CA10A1E9E73}.Release|Any CPU.ActiveCfg = Release|Any CPU
		{054ACC5E-6D2B-40BF-AD4F-6CA10A1E9E73}.Release|Any CPU.Build.0 = Release|Any CPU
	EndGlobalSection
	GlobalSection(SolutionProperties) = preSolution
		HideSolutionNode = FALSE
	EndGlobalSection
	GlobalSection(ExtensibilityGlobals) = postSolution
		SolutionGuid = {B17DC349-B383-48A2-9FC0-A48F1DADD8EB}
	EndGlobalSection
EndGlobal
